
Microsoft Visual Studio Solution File, Format Version 12.00
# Visual Studio 15
Project("{FAE04EC0-301F-11D3-BF4B-00C04F79EFBC}") = "Assembly-CSharp", "Assembly-CSharp.csproj", "{88DD9B3B-7918-8CFC-B9E9-F9A5011A215D}"
EndProject
Project("{FAE04EC0-301F-11D3-BF4B-00C04F79EFBC}") = "Assembly-CSharp-firstpass", "Assembly-CSharp-firstpass.csproj", "{2C14AA5A-4505-FAB4-B025-334363EA82EC}"
EndProject
Project("{FAE04EC0-301F-11D3-BF4B-00C04F79EFBC}") = "Assembly-CSharp-Editor", "Assembly-CSharp-Editor.csproj", "{9E474E18-23D0-CB0F-B22A-8AA42367B539}"
EndProject
Project("{FAE04EC0-301F-11D3-BF4B-00C04F79EFBC}") = "Assembly-CSharp-Editor-firstpass", "Assembly-CSharp-Editor-firstpass.csproj", "{AB692157-B182-393B-3265-40EFE68B8A0A}"
EndProject
Global
	GlobalSection(SolutionConfigurationPlatforms) = preSolution
		Debug|Any CPU = Debug|Any CPU
		Release|Any CPU = Release|Any CPU
	EndGlobalSection
	GlobalSection(ProjectConfigurationPlatforms) = postSolution
		{88DD9B3B-7918-8CFC-B9E9-F9A5011A215D}.Debug|Any CPU.ActiveCfg = Debug|Any CPU
		{88DD9B3B-7918-8CFC-B9E9-F9A5011A215D}.Debug|Any CPU.Build.0 = Debug|Any CPU
		{88DD9B3B-7918-8CFC-B9E9-F9A5011A215D}.Release|Any CPU.ActiveCfg = Release|Any CPU
		{88DD9B3B-7918-8CFC-B9E9-F9A5011A215D}.Release|Any CPU.Build.0 = Release|Any CPU
		{2C14AA5A-4505-FAB4-B025-334363EA82EC}.Debug|Any CPU.ActiveCfg = Debug|Any CPU
		{2C14AA5A-4505-FAB4-B025-334363EA82EC}.Debug|Any CPU.Build.0 = Debug|Any CPU
		{2C14AA5A-4505-FAB4-B025-334363EA82EC}.Release|Any CPU.ActiveCfg = Release|Any CPU
		{2C14AA5A-4505-FAB4-B025-334363EA82EC}.Release|Any CPU.Build.0 = Release|Any CPU
		{9E474E18-23D0-CB0F-B22A-8AA42367B539}.Debug|Any CPU.ActiveCfg = Debug|Any CPU
		{9E474E18-23D0-CB0F-B22A-8AA42367B539}.Debug|Any CPU.Build.0 = Debug|Any CPU
		{9E474E18-23D0-CB0F-B22A-8AA42367B539}.Release|Any CPU.ActiveCfg = Release|Any CPU
		{9E474E18-23D0-CB0F-B22A-8AA42367B539}.Release|Any CPU.Build.0 = Release|Any CPU
		{AB692157-B182-393B-3265-40EFE68B8A0A}.Debug|Any CPU.ActiveCfg = Debug|Any CPU
		{AB692157-B182-393B-3265-40EFE68B8A0A}.Debug|Any CPU.Build.0 = Debug|Any CPU
		{AB692157-B182-393B-3265-40EFE68B8A0A}.Release|Any CPU.ActiveCfg = Release|Any CPU
		{AB692157-B182-393B-3265-40EFE68B8A0A}.Release|Any CPU.Build.0 = Release|Any CPU
	EndGlobalSection
	GlobalSection(SolutionProperties) = preSolution
		HideSolutionNode = FALSE
	EndGlobalSection
EndGlobal
